
Microsoft Visual Studio Solution File, Format Version 12.00
# Visual Studio Version 16
VisualStudioVersion = 25.0.1706.7
MinimumVisualStudioVersion = 10.0.40219.1
Project("{FAE04EC0-301F-11D3-BF4B-00C04F79EFBC}") = "NavPopNotWork", "NavPopNotWork\NavPopNotWork.csproj", "{06B35322-58B2-4D89-9D40-037A4C8B6F3D}"
EndProject
Global
	GlobalSection(SolutionConfigurationPlatforms) = preSolution
		Debug|Any CPU = Debug|Any CPU
		Release|Any CPU = Release|Any CPU
	EndGlobalSection
	GlobalSection(ProjectConfigurationPlatforms) = postSolution
		{06B35322-58B2-4D89-9D40-037A4C8B6F3D}.Debug|Any CPU.ActiveCfg = Debug|Any CPU
		{06B35322-58B2-4D89-9D40-037A4C8B6F3D}.Debug|Any CPU.Build.0 = Debug|Any CPU
		{06B35322-58B2-4D89-9D40-037A4C8B6F3D}.Release|Any CPU.ActiveCfg = Release|Any CPU
		{06B35322-58B2-4D89-9D40-037A4C8B6F3D}.Release|Any CPU.Build.0 = Release|Any CPU
	EndGlobalSection
	GlobalSection(SolutionProperties) = preSolution
		HideSolutionNode = FALSE
	EndGlobalSection
	GlobalSection(ExtensibilityGlobals) = postSolution
		SolutionGuid = {65CA412B-7A8E-4670-9EAB-8C5100A3CFD1}
	EndGlobalSection
EndGlobal
